
Microsoft Visual Studio Solution File, Format Version 12.00
# Visual Studio Version 17
VisualStudioVersion = 17.1.32210.238
MinimumVisualStudioVersion = 10.0.40219.1
Project("{9A19103F-16F7-4668-BE54-9A1E7A4F7556}") = "ahk-lifecycle-management", "ahk-lifecycle-management\ahk-lifecycle-management.csproj", "{F509198F-9B63-424C-818C-C11655F31FC0}"
EndProject
Global
	GlobalSection(SolutionConfigurationPlatforms) = preSolution
		Debug|Any CPU = Debug|Any CPU
		Release|Any CPU = Release|Any CPU
	EndGlobalSection
	GlobalSection(ProjectConfigurationPlatforms) = postSolution
		{F509198F-9B63-424C-818C-C11655F31FC0}.Debug|Any CPU.ActiveCfg = Debug|Any CPU
		{F509198F-9B63-424C-818C-C11655F31FC0}.Debug|Any CPU.Build.0 = Debug|Any CPU
		{F509198F-9B63-424C-818C-C11655F31FC0}.Release|Any CPU.ActiveCfg = Release|Any CPU
		{F509198F-9B63-424C-818C-C11655F31FC0}.Release|Any CPU.Build.0 = Release|Any CPU
	EndGlobalSection
	GlobalSection(SolutionProperties) = preSolution
		HideSolutionNode = FALSE
	EndGlobalSection
	GlobalSection(ExtensibilityGlobals) = postSolution
		SolutionGuid = {E344B2BF-243F-4EE1-BEEF-6CBBDA203806}
	EndGlobalSection
EndGlobal
