
Microsoft Visual Studio Solution File, Format Version 12.00
# Visual Studio Version 17
VisualStudioVersion = 17.9.34616.47
MinimumVisualStudioVersion = 10.0.40219.1
Project("{9A19103F-16F7-4668-BE54-9A1E7A4F7556}") = "Ahk.GradeManagement.Api", "Ahk.GradeManagement.Api\Ahk.GradeManagement.Api.csproj", "{46F4253C-2972-44EA-954F-F3FA505EA493}"
EndProject
Project("{9A19103F-16F7-4668-BE54-9A1E7A4F7556}") = "Ahk.GradeManagement.Shared", "Ahk.GradeManagement.Shared\Ahk.GradeManagement.Shared.csproj", "{F1DEEC4A-D24D-4EB1-BEF3-590A2F87DC41}"
EndProject
Project("{9A19103F-16F7-4668-BE54-9A1E7A4F7556}") = "Ahk.GradeManagement.Dal", "Ahk.GradeManagement.Dal\Ahk.GradeManagement.Dal.csproj", "{0C3B8C57-9CD2-422E-AC59-A1C330899DCC}"
EndProject
Project("{9A19103F-16F7-4668-BE54-9A1E7A4F7556}") = "Ahk.GradeManagement.Client", "Ahk.GradeManagement.Client\Ahk.GradeManagement.Client.csproj", "{A5332B0A-FE4C-4EC3-BF39-1B37DA4BEA41}"
EndProject
Project("{9A19103F-16F7-4668-BE54-9A1E7A4F7556}") = "Ahk.GradeManagement.Bll", "Ahk.GradeManagement.Bll\Ahk.GradeManagement.Bll.csproj", "{C35296DC-6738-461E-BE3C-44C29081E4D1}"
EndProject
Project("{FAE04EC0-301F-11D3-BF4B-00C04F79EFBC}") = "Ahk.GradeManagement.Backend.Common", "Ahk.GradeManagement.Backend.Common\Ahk.GradeManagement.Backend.Common.csproj", "{A5E7963C-DD12-4A80-B876-07C2379B06D7}"
EndProject
Project("{FAE04EC0-301F-11D3-BF4B-00C04F79EFBC}") = "Ahk.GradeManagement.AppHost", "Ahk.GradeManagement.AppHost\Ahk.GradeManagement.AppHost.csproj", "{7ABD1340-E8B4-4C95-ADC0-5AD6FB7EC82E}"
EndProject
Project("{FAE04EC0-301F-11D3-BF4B-00C04F79EFBC}") = "Ahk.GradeManagement.ServiceDefaults", "Ahk.GradeManagement.ServiceDefaults\Ahk.GradeManagement.ServiceDefaults.csproj", "{24CF132E-75EA-449C-79E7-2A040D82A221}"
EndProject
Project("{FAE04EC0-301F-11D3-BF4B-00C04F79EFBC}") = "Ahk.GitHub.Monitor", "..\Ahk.GitHub.Monitor\Ahk.GitHub.Monitor\Ahk.GitHub.Monitor.csproj", "{31AEEBCA-7790-38BA-DF1F-6BE5B7CD29C8}"
EndProject
Project("{FAE04EC0-301F-11D3-BF4B-00C04F79EFBC}") = "Ahk.GradeManagement.Events", "Ahk.GradeManagement.Events\Ahk.GradeManagement.Events.csproj", "{F5D9F03B-B4F6-42CB-A602-FCA4ABEDF175}"
EndProject
Global
	GlobalSection(SolutionConfigurationPlatforms) = preSolution
		Debug|Any CPU = Debug|Any CPU
		Debug|x64 = Debug|x64
		Debug|x86 = Debug|x86
		Release|Any CPU = Release|Any CPU
		Release|x64 = Release|x64
		Release|x86 = Release|x86
	EndGlobalSection
	GlobalSection(ProjectConfigurationPlatforms) = postSolution
		{46F4253C-2972-44EA-954F-F3FA505EA493}.Debug|Any CPU.ActiveCfg = Debug|Any CPU
		{46F4253C-2972-44EA-954F-F3FA505EA493}.Debug|Any CPU.Build.0 = Debug|Any CPU
		{46F4253C-2972-44EA-954F-F3FA505EA493}.Debug|x64.ActiveCfg = Debug|Any CPU
		{46F4253C-2972-44EA-954F-F3FA505EA493}.Debug|x64.Build.0 = Debug|Any CPU
		{46F4253C-2972-44EA-954F-F3FA505EA493}.Debug|x86.ActiveCfg = Debug|Any CPU
		{46F4253C-2972-44EA-954F-F3FA505EA493}.Debug|x86.Build.0 = Debug|Any CPU
		{46F4253C-2972-44EA-954F-F3FA505EA493}.Release|Any CPU.ActiveCfg = Release|Any CPU
		{46F4253C-2972-44EA-954F-F3FA505EA493}.Release|Any CPU.Build.0 = Release|Any CPU
		{46F4253C-2972-44EA-954F-F3FA505EA493}.Release|x64.ActiveCfg = Release|Any CPU
		{46F4253C-2972-44EA-954F-F3FA505EA493}.Release|x64.Build.0 = Release|Any CPU
		{46F4253C-2972-44EA-954F-F3FA505EA493}.Release|x86.ActiveCfg = Release|Any CPU
		{46F4253C-2972-44EA-954F-F3FA505EA493}.Release|x86.Build.0 = Release|Any CPU
		{F1DEEC4A-D24D-4EB1-BEF3-590A2F87DC41}.Debug|Any CPU.ActiveCfg = Debug|Any CPU
		{F1DEEC4A-D24D-4EB1-BEF3-590A2F87DC41}.Debug|Any CPU.Build.0 = Debug|Any CPU
		{F1DEEC4A-D24D-4EB1-BEF3-590A2F87DC41}.Debug|x64.ActiveCfg = Debug|Any CPU
		{F1DEEC4A-D24D-4EB1-BEF3-590A2F87DC41}.Debug|x64.Build.0 = Debug|Any CPU
		{F1DEEC4A-D24D-4EB1-BEF3-590A2F87DC41}.Debug|x86.ActiveCfg = Debug|Any CPU
		{F1DEEC4A-D24D-4EB1-BEF3-590A2F87DC41}.Debug|x86.Build.0 = Debug|Any CPU
		{F1DEEC4A-D24D-4EB1-BEF3-590A2F87DC41}.Release|Any CPU.ActiveCfg = Release|Any CPU
		{F1DEEC4A-D24D-4EB1-BEF3-590A2F87DC41}.Release|Any CPU.Build.0 = Release|Any CPU
		{F1DEEC4A-D24D-4EB1-BEF3-590A2F87DC41}.Release|x64.ActiveCfg = Release|Any CPU
		{F1DEEC4A-D24D-4EB1-BEF3-590A2F87DC41}.Release|x64.Build.0 = Release|Any CPU
		{F1DEEC4A-D24D-4EB1-BEF3-590A2F87DC41}.Release|x86.ActiveCfg = Release|Any CPU
		{F1DEEC4A-D24D-4EB1-BEF3-590A2F87DC41}.Release|x86.Build.0 = Release|Any CPU
		{0C3B8C57-9CD2-422E-AC59-A1C330899DCC}.Debug|Any CPU.ActiveCfg = Debug|Any CPU
		{0C3B8C57-9CD2-422E-AC59-A1C330899DCC}.Debug|Any CPU.Build.0 = Debug|Any CPU
		{0C3B8C57-9CD2-422E-AC59-A1C330899DCC}.Debug|x64.ActiveCfg = Debug|Any CPU
		{0C3B8C57-9CD2-422E-AC59-A1C330899DCC}.Debug|x64.Build.0 = Debug|Any CPU
		{0C3B8C57-9CD2-422E-AC59-A1C330899DCC}.Debug|x86.ActiveCfg = Debug|Any CPU
		{0C3B8C57-9CD2-422E-AC59-A1C330899DCC}.Debug|x86.Build.0 = Debug|Any CPU
		{0C3B8C57-9CD2-422E-AC59-A1C330899DCC}.Release|Any CPU.ActiveCfg = Release|Any CPU
		{0C3B8C57-9CD2-422E-AC59-A1C330899DCC}.Release|Any CPU.Build.0 = Release|Any CPU
		{0C3B8C57-9CD2-422E-AC59-A1C330899DCC}.Release|x64.ActiveCfg = Release|Any CPU
		{0C3B8C57-9CD2-422E-AC59-A1C330899DCC}.Release|x64.Build.0 = Release|Any CPU
		{0C3B8C57-9CD2-422E-AC59-A1C330899DCC}.Release|x86.ActiveCfg = Release|Any CPU
		{0C3B8C57-9CD2-422E-AC59-A1C330899DCC}.Release|x86.Build.0 = Release|Any CPU
		{A5332B0A-FE4C-4EC3-BF39-1B37DA4BEA41}.Debug|Any CPU.ActiveCfg = Debug|Any CPU
		{A5332B0A-FE4C-4EC3-BF39-1B37DA4BEA41}.Debug|Any CPU.Build.0 = Debug|Any CPU
		{A5332B0A-FE4C-4EC3-BF39-1B37DA4BEA41}.Debug|x64.ActiveCfg = Debug|Any CPU
		{A5332B0A-FE4C-4EC3-BF39-1B37DA4BEA41}.Debug|x64.Build.0 = Debug|Any CPU
		{A5332B0A-FE4C-4EC3-BF39-1B37DA4BEA41}.Debug|x86.ActiveCfg = Debug|Any CPU
		{A5332B0A-FE4C-4EC3-BF39-1B37DA4BEA41}.Debug|x86.Build.0 = Debug|Any CPU
		{A5332B0A-FE4C-4EC3-BF39-1B37DA4BEA41}.Release|Any CPU.ActiveCfg = Release|Any CPU
		{A5332B0A-FE4C-4EC3-BF39-1B37DA4BEA41}.Release|Any CPU.Build.0 = Release|Any CPU
		{A5332B0A-FE4C-4EC3-BF39-1B37DA4BEA41}.Release|x64.ActiveCfg = Release|Any CPU
		{A5332B0A-FE4C-4EC3-BF39-1B37DA4BEA41}.Release|x64.Build.0 = Release|Any CPU
		{A5332B0A-FE4C-4EC3-BF39-1B37DA4BEA41}.Release|x86.ActiveCfg = Release|Any CPU
		{A5332B0A-FE4C-4EC3-BF39-1B37DA4BEA41}.Release|x86.Build.0 = Release|Any CPU
		{C35296DC-6738-461E-BE3C-44C29081E4D1}.Debug|Any CPU.ActiveCfg = Debug|Any CPU
		{C35296DC-6738-461E-BE3C-44C29081E4D1}.Debug|Any CPU.Build.0 = Debug|Any CPU
		{C35296DC-6738-461E-BE3C-44C29081E4D1}.Debug|x64.ActiveCfg = Debug|Any CPU
		{C35296DC-6738-461E-BE3C-44C29081E4D1}.Debug|x64.Build.0 = Debug|Any CPU
		{C35296DC-6738-461E-BE3C-44C29081E4D1}.Debug|x86.ActiveCfg = Debug|Any CPU
		{C35296DC-6738-461E-BE3C-44C29081E4D1}.Debug|x86.Build.0 = Debug|Any CPU
		{C35296DC-6738-461E-BE3C-44C29081E4D1}.Release|Any CPU.ActiveCfg = Release|Any CPU
		{C35296DC-6738-461E-BE3C-44C29081E4D1}.Release|Any CPU.Build.0 = Release|Any CPU
		{C35296DC-6738-461E-BE3C-44C29081E4D1}.Release|x64.ActiveCfg = Release|Any CPU
		{C35296DC-6738-461E-BE3C-44C29081E4D1}.Release|x64.Build.0 = Release|Any CPU
		{C35296DC-6738-461E-BE3C-44C29081E4D1}.Release|x86.ActiveCfg = Release|Any CPU
		{C35296DC-6738-461E-BE3C-44C29081E4D1}.Release|x86.Build.0 = Release|Any CPU
		{A5E7963C-DD12-4A80-B876-07C2379B06D7}.Debug|Any CPU.ActiveCfg = Debug|Any CPU
		{A5E7963C-DD12-4A80-B876-07C2379B06D7}.Debug|Any CPU.Build.0 = Debug|Any CPU
		{A5E7963C-DD12-4A80-B876-07C2379B06D7}.Debug|x64.ActiveCfg = Debug|Any CPU
		{A5E7963C-DD12-4A80-B876-07C2379B06D7}.Debug|x64.Build.0 = Debug|Any CPU
		{A5E7963C-DD12-4A80-B876-07C2379B06D7}.Debug|x86.ActiveCfg = Debug|Any CPU
		{A5E7963C-DD12-4A80-B876-07C2379B06D7}.Debug|x86.Build.0 = Debug|Any CPU
		{A5E7963C-DD12-4A80-B876-07C2379B06D7}.Release|Any CPU.ActiveCfg = Release|Any CPU
		{A5E7963C-DD12-4A80-B876-07C2379B06D7}.Release|Any CPU.Build.0 = Release|Any CPU
		{A5E7963C-DD12-4A80-B876-07C2379B06D7}.Release|x64.ActiveCfg = Release|Any CPU
		{A5E7963C-DD12-4A80-B876-07C2379B06D7}.Release|x64.Build.0 = Release|Any CPU
		{A5E7963C-DD12-4A80-B876-07C2379B06D7}.Release|x86.ActiveCfg = Release|Any CPU
		{A5E7963C-DD12-4A80-B876-07C2379B06D7}.Release|x86.Build.0 = Release|Any CPU
		{7ABD1340-E8B4-4C95-ADC0-5AD6FB7EC82E}.Debug|Any CPU.ActiveCfg = Debug|Any CPU
		{7ABD1340-E8B4-4C95-ADC0-5AD6FB7EC82E}.Debug|Any CPU.Build.0 = Debug|Any CPU
		{7ABD1340-E8B4-4C95-ADC0-5AD6FB7EC82E}.Debug|x64.ActiveCfg = Debug|Any CPU
		{7ABD1340-E8B4-4C95-ADC0-5AD6FB7EC82E}.Debug|x64.Build.0 = Debug|Any CPU
		{7ABD1340-E8B4-4C95-ADC0-5AD6FB7EC82E}.Debug|x86.ActiveCfg = Debug|Any CPU
		{7ABD1340-E8B4-4C95-ADC0-5AD6FB7EC82E}.Debug|x86.Build.0 = Debug|Any CPU
		{7ABD1340-E8B4-4C95-ADC0-5AD6FB7EC82E}.Release|Any CPU.ActiveCfg = Release|Any CPU
		{7ABD1340-E8B4-4C95-ADC0-5AD6FB7EC82E}.Release|Any CPU.Build.0 = Release|Any CPU
		{7ABD1340-E8B4-4C95-ADC0-5AD6FB7EC82E}.Release|x64.ActiveCfg = Release|Any CPU
		{7ABD1340-E8B4-4C95-ADC0-5AD6FB7EC82E}.Release|x64.Build.0 = Release|Any CPU
		{7ABD1340-E8B4-4C95-ADC0-5AD6FB7EC82E}.Release|x86.ActiveCfg = Release|Any CPU
		{7ABD1340-E8B4-4C95-ADC0-5AD6FB7EC82E}.Release|x86.Build.0 = Release|Any CPU
		{24CF132E-75EA-449C-79E7-2A040D82A221}.Debug|Any CPU.ActiveCfg = Debug|Any CPU
		{24CF132E-75EA-449C-79E7-2A040D82A221}.Debug|Any CPU.Build.0 = Debug|Any CPU
		{24CF132E-75EA-449C-79E7-2A040D82A221}.Debug|x64.ActiveCfg = Debug|Any CPU
		{24CF132E-75EA-449C-79E7-2A040D82A221}.Debug|x64.Build.0 = Debug|Any CPU
		{24CF132E-75EA-449C-79E7-2A040D82A221}.Debug|x86.ActiveCfg = Debug|Any CPU
		{24CF132E-75EA-449C-79E7-2A040D82A221}.Debug|x86.Build.0 = Debug|Any CPU
		{24CF132E-75EA-449C-79E7-2A040D82A221}.Release|Any CPU.ActiveCfg = Release|Any CPU
		{24CF132E-75EA-449C-79E7-2A040D82A221}.Release|Any CPU.Build.0 = Release|Any CPU
		{24CF132E-75EA-449C-79E7-2A040D82A221}.Release|x64.ActiveCfg = Release|Any CPU
		{24CF132E-75EA-449C-79E7-2A040D82A221}.Release|x64.Build.0 = Release|Any CPU
		{24CF132E-75EA-449C-79E7-2A040D82A221}.Release|x86.ActiveCfg = Release|Any CPU
		{24CF132E-75EA-449C-79E7-2A040D82A221}.Release|x86.Build.0 = Release|Any CPU
		{31AEEBCA-7790-38BA-DF1F-6BE5B7CD29C8}.Debug|Any CPU.ActiveCfg = Debug|Any CPU
		{31AEEBCA-7790-38BA-DF1F-6BE5B7CD29C8}.Debug|Any CPU.Build.0 = Debug|Any CPU
		{31AEEBCA-7790-38BA-DF1F-6BE5B7CD29C8}.Debug|x64.ActiveCfg = Debug|Any CPU
		{31AEEBCA-7790-38BA-DF1F-6BE5B7CD29C8}.Debug|x64.Build.0 = Debug|Any CPU
		{31AEEBCA-7790-38BA-DF1F-6BE5B7CD29C8}.Debug|x86.ActiveCfg = Debug|Any CPU
		{31AEEBCA-7790-38BA-DF1F-6BE5B7CD29C8}.Debug|x86.Build.0 = Debug|Any CPU
		{31AEEBCA-7790-38BA-DF1F-6BE5B7CD29C8}.Release|Any CPU.ActiveCfg = Release|Any CPU
		{31AEEBCA-7790-38BA-DF1F-6BE5B7CD29C8}.Release|Any CPU.Build.0 = Release|Any CPU
		{31AEEBCA-7790-38BA-DF1F-6BE5B7CD29C8}.Release|x64.ActiveCfg = Release|Any CPU
		{31AEEBCA-7790-38BA-DF1F-6BE5B7CD29C8}.Release|x64.Build.0 = Release|Any CPU
		{31AEEBCA-7790-38BA-DF1F-6BE5B7CD29C8}.Release|x86.ActiveCfg = Release|Any CPU
		{31AEEBCA-7790-38BA-DF1F-6BE5B7CD29C8}.Release|x86.Build.0 = Release|Any CPU
		{F5D9F03B-B4F6-42CB-A602-FCA4ABEDF175}.Debug|Any CPU.ActiveCfg = Debug|Any CPU
		{F5D9F03B-B4F6-42CB-A602-FCA4ABEDF175}.Debug|Any CPU.Build.0 = Debug|Any CPU
		{F5D9F03B-B4F6-42CB-A602-FCA4ABEDF175}.Debug|x64.ActiveCfg = Debug|Any CPU
		{F5D9F03B-B4F6-42CB-A602-FCA4ABEDF175}.Debug|x64.Build.0 = Debug|Any CPU
		{F5D9F03B-B4F6-42CB-A602-FCA4ABEDF175}.Debug|x86.ActiveCfg = Debug|Any CPU
		{F5D9F03B-B4F6-42CB-A602-FCA4ABEDF175}.Debug|x86.Build.0 = Debug|Any CPU
		{F5D9F03B-B4F6-42CB-A602-FCA4ABEDF175}.Release|Any CPU.ActiveCfg = Release|Any CPU
		{F5D9F03B-B4F6-42CB-A602-FCA4ABEDF175}.Release|Any CPU.Build.0 = Release|Any CPU
		{F5D9F03B-B4F6-42CB-A602-FCA4ABEDF175}.Release|x64.ActiveCfg = Release|Any CPU
		{F5D9F03B-B4F6-42CB-A602-FCA4ABEDF175}.Release|x64.Build.0 = Release|Any CPU
		{F5D9F03B-B4F6-42CB-A602-FCA4ABEDF175}.Release|x86.ActiveCfg = Release|Any CPU
		{F5D9F03B-B4F6-42CB-A602-FCA4ABEDF175}.Release|x86.Build.0 = Release|Any CPU
	EndGlobalSection
	GlobalSection(SolutionProperties) = preSolution
		HideSolutionNode = FALSE
	EndGlobalSection
	GlobalSection(ExtensibilityGlobals) = postSolution
		SolutionGuid = {97A48E62-DF9C-4807-9113-FB0C29A8899B}
	EndGlobalSection
EndGlobal
